
Microsoft Visual Studio Solution File, Format Version 12.00
# Visual Studio 2012
Project("{FAE04EC0-301F-11D3-BF4B-00C04F79EFBC}") = "Microsoft.IdentityModel.Clients.ActiveDirectory.WindowsForms", "Microsoft.IdentityModel.Clients.ActiveDirectory.WindowsForms.csproj", "{1806A72C-537B-4EEA-8797-1D481E98C5DD}"
EndProject
Global
	GlobalSection(SolutionConfigurationPlatforms) = preSolution
		Debug|Any CPU = Debug|Any CPU
		Release|Any CPU = Release|Any CPU
	EndGlobalSection
	GlobalSection(ProjectConfigurationPlatforms) = postSolution
		{1806A72C-537B-4EEA-8797-1D481E98C5DD}.Debug|Any CPU.ActiveCfg = Debug|Any CPU
		{1806A72C-537B-4EEA-8797-1D481E98C5DD}.Debug|Any CPU.Build.0 = Debug|Any CPU
		{1806A72C-537B-4EEA-8797-1D481E98C5DD}.Release|Any CPU.ActiveCfg = Release|Any CPU
		{1806A72C-537B-4EEA-8797-1D481E98C5DD}.Release|Any CPU.Build.0 = Release|Any CPU
	EndGlobalSection
	GlobalSection(SolutionProperties) = preSolution
		HideSolutionNode = FALSE
	EndGlobalSection
EndGlobal
