
Microsoft Visual Studio Solution File, Format Version 12.00
# Visual Studio 2012
Project("{FAE04EC0-301F-11D3-BF4B-00C04F79EFBC}") = "Wp8RdcManager", "Wp8RdcManager.csproj", "{1D523C9C-65D3-4617-8EA3-602E82630EBE}"
EndProject
Global
	GlobalSection(SolutionConfigurationPlatforms) = preSolution
		Debug|Any CPU = Debug|Any CPU
		Release|Any CPU = Release|Any CPU
	EndGlobalSection
	GlobalSection(ProjectConfigurationPlatforms) = postSolution
		{1D523C9C-65D3-4617-8EA3-602E82630EBE}.Debug|Any CPU.ActiveCfg = Debug|Any CPU
		{1D523C9C-65D3-4617-8EA3-602E82630EBE}.Debug|Any CPU.Build.0 = Debug|Any CPU
		{1D523C9C-65D3-4617-8EA3-602E82630EBE}.Release|Any CPU.ActiveCfg = Release|Any CPU
		{1D523C9C-65D3-4617-8EA3-602E82630EBE}.Release|Any CPU.Build.0 = Release|Any CPU
	EndGlobalSection
	GlobalSection(SolutionProperties) = preSolution
		HideSolutionNode = FALSE
	EndGlobalSection
EndGlobal
