
Microsoft Visual Studio Solution File, Format Version 11.00
# Visual Studio 2010
Project("{FAE04EC0-301F-11D3-BF4B-00C04F79EFBC}") = "FFUComponents", "FFUComponents.csproj", "{0DAFF45D-9DD7-4DBF-B58C-B91DEF46FADC}"
EndProject
Global
	GlobalSection(SolutionConfigurationPlatforms) = preSolution
		Debug|Any CPU = Debug|Any CPU
		Release|Any CPU = Release|Any CPU
	EndGlobalSection
	GlobalSection(ProjectConfigurationPlatforms) = postSolution
		{0DAFF45D-9DD7-4DBF-B58C-B91DEF46FADC}.Debug|Any CPU.ActiveCfg = Debug|Any CPU
		{0DAFF45D-9DD7-4DBF-B58C-B91DEF46FADC}.Debug|Any CPU.Build.0 = Debug|Any CPU
		{0DAFF45D-9DD7-4DBF-B58C-B91DEF46FADC}.Release|Any CPU.ActiveCfg = Release|Any CPU
		{0DAFF45D-9DD7-4DBF-B58C-B91DEF46FADC}.Release|Any CPU.Build.0 = Release|Any CPU
	EndGlobalSection
	GlobalSection(SolutionProperties) = preSolution
		HideSolutionNode = FALSE
	EndGlobalSection
EndGlobal
